
Microsoft Visual Studio Solution File, Format Version 12.00
# Visual Studio Version 17
VisualStudioVersion = 17.11.35327.3
MinimumVisualStudioVersion = 10.0.40219.1
Project("{FAE04EC0-301F-11D3-BF4B-00C04F79EFBC}") = "TP_REDES", "tp_redes\TP_REDES.csproj", "{978651C6-67A3-4EE1-92D1-398CC60F9C15}"
EndProject
Global
	GlobalSection(SolutionConfigurationPlatforms) = preSolution
		Debug|Any CPU = Debug|Any CPU
		Release|Any CPU = Release|Any CPU
	EndGlobalSection
	GlobalSection(ProjectConfigurationPlatforms) = postSolution
		{978651C6-67A3-4EE1-92D1-398CC60F9C15}.Debug|Any CPU.ActiveCfg = Debug|Any CPU
		{978651C6-67A3-4EE1-92D1-398CC60F9C15}.Debug|Any CPU.Build.0 = Debug|Any CPU
		{978651C6-67A3-4EE1-92D1-398CC60F9C15}.Release|Any CPU.ActiveCfg = Release|Any CPU
		{978651C6-67A3-4EE1-92D1-398CC60F9C15}.Release|Any CPU.Build.0 = Release|Any CPU
	EndGlobalSection
	GlobalSection(SolutionProperties) = preSolution
		HideSolutionNode = FALSE
	EndGlobalSection
	GlobalSection(ExtensibilityGlobals) = postSolution
		SolutionGuid = {D276E6CB-F1E3-48CB-8471-748C79C8B567}
	EndGlobalSection
EndGlobal
